
Microsoft Visual Studio Solution File, Format Version 11.00
# Visual Studio 2010
Project("{FAE04EC0-301F-11D3-BF4B-00C04F79EFBC}") = "MetaEx", "MetaEx\MetaEx.csproj", "{D0914E38-1490-4B8E-A9AC-698953284B4B}"
EndProject
Project("{FAE04EC0-301F-11D3-BF4B-00C04F79EFBC}") = "MetaEx.Tests", "MetaEx.Tests\MetaEx.Tests.csproj", "{F511A52E-BA73-4AC6-9B9D-2A2E25FCF34C}"
EndProject
Global
	GlobalSection(SolutionConfigurationPlatforms) = preSolution
		Debug|Any CPU = Debug|Any CPU
		Release|Any CPU = Release|Any CPU
	EndGlobalSection
	GlobalSection(ProjectConfigurationPlatforms) = postSolution
		{D0914E38-1490-4B8E-A9AC-698953284B4B}.Debug|Any CPU.ActiveCfg = Debug|Any CPU
		{D0914E38-1490-4B8E-A9AC-698953284B4B}.Debug|Any CPU.Build.0 = Debug|Any CPU
		{D0914E38-1490-4B8E-A9AC-698953284B4B}.Release|Any CPU.ActiveCfg = Release|Any CPU
		{D0914E38-1490-4B8E-A9AC-698953284B4B}.Release|Any CPU.Build.0 = Release|Any CPU
		{F511A52E-BA73-4AC6-9B9D-2A2E25FCF34C}.Debug|Any CPU.ActiveCfg = Debug|Any CPU
		{F511A52E-BA73-4AC6-9B9D-2A2E25FCF34C}.Debug|Any CPU.Build.0 = Debug|Any CPU
		{F511A52E-BA73-4AC6-9B9D-2A2E25FCF34C}.Release|Any CPU.ActiveCfg = Release|Any CPU
		{F511A52E-BA73-4AC6-9B9D-2A2E25FCF34C}.Release|Any CPU.Build.0 = Release|Any CPU
	EndGlobalSection
	GlobalSection(SolutionProperties) = preSolution
		HideSolutionNode = FALSE
	EndGlobalSection
EndGlobal
